lockfileVersion: '9.0'

settings:
  autoInstallPeers: true
  excludeLinksFromLockfile: false

importers:

  .:
    dependencies:
      amqplib:
        specifier: ^2.0.1
        version: 2.0.1

packages:

  amqplib@2.0.1:
    resolution: {integrity: sha512-a3P2MgfCf9nzVis12VxWEn0dS6hcqve7dlEAhXDtIWR27BlhtMkILOc+H9aeHjDi6i6r94dYKc2Kx2OFe3avvg==}
    engines: {node: '>=18'}

snapshots:

  amqplib@2.0.1: {}
